github.com/NorwegianKiwi-glitch/REPO3 v0.0.0-20230418134510-e4107c72e56f h1://XPX1w5g6ApxSNAQ74SXUPDUIQ5fGOIxwWoSE82Wlg=
github.com/NorwegianKiwi-glitch/REPO3 v0.0.0-20230418134510-e4107c72e56f/go.mod h1:zPNxMolPMVxKuDLU2DBfshDEpwPEQdXimvH9+c1RC74=
github.com/NorwegianKiwi-glitch/funtemps v0.0.0-20230414071113-d44c7f362bd4 h1:hd5ZIQTntsvR/CaQVzLE0DT+fsX7TUYiAJ+3PQLUdj4=
github.com/NorwegianKiwi-glitch/funtemps v0.0.0-20230414071113-d44c7f362bd4/go.mod h1:gWVv5nac1iN9MF4dK51JDZxeEuwuSUR+DKiiDTW314M=
